{
  "originHash" : "94eda50883bd41660dad97ea233e26660148997127d6f9644dfb15a9491edc3f",
  "pins" : [
    {
      "identity" : "blescanner-spm",
      "kind" : "remoteSourceControl",
      "location" : "https://github.com/Scandit/blescanner-spm",
      "state" : {
        "revision" : "d610638d546b8a3922bdb553d63a8c455beb62b1",
        "version" : "1.1.5"
      }
    }
  ],
  "version" : 3
}
